
Microsoft Visual Studio Solution File, Format Version 12.00
# Visual Studio 15
VisualStudioVersion = 15.0.26730.16
MinimumVisualStudioVersion = 10.0.40219.1
Project("{9A19103F-16F7-4668-BE54-9A1E7A4F7556}") = "HTTPnet.Core", "HTTPnet.Core\HTTPnet.Core.csproj", "{26939955-72A0-41F3-A68C-F04DEF24E326}"
EndProject
Project("{2150E333-8FDC-42A3-9474-1A3956D46DE8}") = "Tests", "Tests", "{10EF0BF3-2E6F-419C-B0FD-9A3018C832F3}"
EndProject
Project("{FAE04EC0-301F-11D3-BF4B-00C04F79EFBC}") = "HTTPnet.TestApp.NetFramework", "Tests\HTTPnet.TestApp.NetFramework\HTTPnet.TestApp.NetFramework.csproj", "{D65CA58A-3B9E-41BB-826E-39510354F7A5}"
EndProject
Project("{2150E333-8FDC-42A3-9474-1A3956D46DE8}") = "Frameworks", "Frameworks", "{EEE9FCC4-6821-4AC4-81D0-64A52E9418EF}"
EndProject
Project("{FAE04EC0-301F-11D3-BF4B-00C04F79EFBC}") = "HTTPnet.NetFramework", "Frameworks\HTTPnet.NetFramework\HTTPnet.NetFramework.csproj", "{FD9DAEFC-98DE-43C6-AE07-EC60D2BCB78B}"
EndProject
Project("{FAE04EC0-301F-11D3-BF4B-00C04F79EFBC}") = "HTTPnet.UniversalWindows", "Frameworks\HTTPnet.UniversalWindows\HTTPnet.UniversalWindows.csproj", "{7F642535-8928-4322-9F84-4D5E16462817}"
EndProject
Project("{2150E333-8FDC-42A3-9474-1A3956D46DE8}") = "Solution Items", "Solution Items", "{6C84710B-6A7A-4B39-98AD-E44D10D13EC2}"
	ProjectSection(SolutionItems) = preProject
		README.md = README.md
	EndProjectSection
EndProject
Project("{2150E333-8FDC-42A3-9474-1A3956D46DE8}") = "Build", "Build", "{37B419E7-7B1F-4208-A88E-64AB55D69D8D}"
	ProjectSection(SolutionItems) = preProject
		Build\build.ps1 = Build\build.ps1
		Build\HTTPnet.nuspec = Build\HTTPnet.nuspec
	EndProjectSection
EndProject
Project("{FAE04EC0-301F-11D3-BF4B-00C04F79EFBC}") = "HTTPnet.NetStandard", "Frameworks\HTTPnet.NetStandard\HTTPnet.NetStandard.csproj", "{395D8AD4-D81F-41F8-B3EE-C725BA4A8C71}"
EndProject
Global
	GlobalSection(SolutionConfigurationPlatforms) = preSolution
		Debug|Any CPU = Debug|Any CPU
		Debug|ARM = Debug|ARM
		Debug|x64 = Debug|x64
		Debug|x86 = Debug|x86
		Release|Any CPU = Release|Any CPU
		Release|ARM = Release|ARM
		Release|x64 = Release|x64
		Release|x86 = Release|x86
	EndGlobalSection
	GlobalSection(ProjectConfigurationPlatforms) = postSolution
		{26939955-72A0-41F3-A68C-F04DEF24E326}.Debug|Any CPU.ActiveCfg = Debug|Any CPU
		{26939955-72A0-41F3-A68C-F04DEF24E326}.Debug|Any CPU.Build.0 = Debug|Any CPU
		{26939955-72A0-41F3-A68C-F04DEF24E326}.Debug|ARM.ActiveCfg = Debug|Any CPU
		{26939955-72A0-41F3-A68C-F04DEF24E326}.Debug|ARM.Build.0 = Debug|Any CPU
		{26939955-72A0-41F3-A68C-F04DEF24E326}.Debug|x64.ActiveCfg = Debug|Any CPU
		{26939955-72A0-41F3-A68C-F04DEF24E326}.Debug|x64.Build.0 = Debug|Any CPU
		{26939955-72A0-41F3-A68C-F04DEF24E326}.Debug|x86.ActiveCfg = Debug|Any CPU
		{26939955-72A0-41F3-A68C-F04DEF24E326}.Debug|x86.Build.0 = Debug|Any CPU
		{26939955-72A0-41F3-A68C-F04DEF24E326}.Release|Any CPU.ActiveCfg = Release|Any CPU
		{26939955-72A0-41F3-A68C-F04DEF24E326}.Release|Any CPU.Build.0 = Release|Any CPU
		{26939955-72A0-41F3-A68C-F04DEF24E326}.Release|ARM.ActiveCfg = Release|Any CPU
		{26939955-72A0-41F3-A68C-F04DEF24E326}.Release|ARM.Build.0 = Release|Any CPU
		{26939955-72A0-41F3-A68C-F04DEF24E326}.Release|x64.ActiveCfg = Release|Any CPU
		{26939955-72A0-41F3-A68C-F04DEF24E326}.Release|x64.Build.0 = Release|Any CPU
		{26939955-72A0-41F3-A68C-F04DEF24E326}.Release|x86.ActiveCfg = Release|Any CPU
		{26939955-72A0-41F3-A68C-F04DEF24E326}.Release|x86.Build.0 = Release|Any CPU
		{D65CA58A-3B9E-41BB-826E-39510354F7A5}.Debug|Any CPU.ActiveCfg = Debug|Any CPU
		{D65CA58A-3B9E-41BB-826E-39510354F7A5}.Debug|Any CPU.Build.0 = Debug|Any CPU
		{D65CA58A-3B9E-41BB-826E-39510354F7A5}.Debug|ARM.ActiveCfg = Debug|Any CPU
		{D65CA58A-3B9E-41BB-826E-39510354F7A5}.Debug|ARM.Build.0 = Debug|Any CPU
		{D65CA58A-3B9E-41BB-826E-39510354F7A5}.Debug|x64.ActiveCfg = Debug|Any CPU
		{D65CA58A-3B9E-41BB-826E-39510354F7A5}.Debug|x64.Build.0 = Debug|Any CPU
		{D65CA58A-3B9E-41BB-826E-39510354F7A5}.Debug|x86.ActiveCfg = Debug|Any CPU
		{D65CA58A-3B9E-41BB-826E-39510354F7A5}.Debug|x86.Build.0 = Debug|Any CPU
		{D65CA58A-3B9E-41BB-826E-39510354F7A5}.Release|Any CPU.ActiveCfg = Release|Any CPU
		{D65CA58A-3B9E-41BB-826E-39510354F7A5}.Release|Any CPU.Build.0 = Release|Any CPU
		{D65CA58A-3B9E-41BB-826E-39510354F7A5}.Release|ARM.ActiveCfg = Release|Any CPU
		{D65CA58A-3B9E-41BB-826E-39510354F7A5}.Release|ARM.Build.0 = Release|Any CPU
		{D65CA58A-3B9E-41BB-826E-39510354F7A5}.Release|x64.ActiveCfg = Release|Any CPU
		{D65CA58A-3B9E-41BB-826E-39510354F7A5}.Release|x64.Build.0 = Release|Any CPU
		{D65CA58A-3B9E-41BB-826E-39510354F7A5}.Release|x86.ActiveCfg = Release|Any CPU
		{D65CA58A-3B9E-41BB-826E-39510354F7A5}.Release|x86.Build.0 = Release|Any CPU
		{FD9DAEFC-98DE-43C6-AE07-EC60D2BCB78B}.Debug|Any CPU.ActiveCfg = Debug|Any CPU
		{FD9DAEFC-98DE-43C6-AE07-EC60D2BCB78B}.Debug|Any CPU.Build.0 = Debug|Any CPU
		{FD9DAEFC-98DE-43C6-AE07-EC60D2BCB78B}.Debug|ARM.ActiveCfg = Debug|Any CPU
		{FD9DAEFC-98DE-43C6-AE07-EC60D2BCB78B}.Debug|ARM.Build.0 = Debug|Any CPU
		{FD9DAEFC-98DE-43C6-AE07-EC60D2BCB78B}.Debug|x64.ActiveCfg = Debug|Any CPU
		{FD9DAEFC-98DE-43C6-AE07-EC60D2BCB78B}.Debug|x64.Build.0 = Debug|Any CPU
		{FD9DAEFC-98DE-43C6-AE07-EC60D2BCB78B}.Debug|x86.ActiveCfg = Debug|Any CPU
		{FD9DAEFC-98DE-43C6-AE07-EC60D2BCB78B}.Debug|x86.Build.0 = Debug|Any CPU
		{FD9DAEFC-98DE-43C6-AE07-EC60D2BCB78B}.Release|Any CPU.ActiveCfg = Release|Any CPU
		{FD9DAEFC-98DE-43C6-AE07-EC60D2BCB78B}.Release|Any CPU.Build.0 = Release|Any CPU
		{FD9DAEFC-98DE-43C6-AE07-EC60D2BCB78B}.Release|ARM.ActiveCfg = Release|Any CPU
		{FD9DAEFC-98DE-43C6-AE07-EC60D2BCB78B}.Release|ARM.Build.0 = Release|Any CPU
		{FD9DAEFC-98DE-43C6-AE07-EC60D2BCB78B}.Release|x64.ActiveCfg = Release|Any CPU
		{FD9DAEFC-98DE-43C6-AE07-EC60D2BCB78B}.Release|x64.Build.0 = Release|Any CPU
		{FD9DAEFC-98DE-43C6-AE07-EC60D2BCB78B}.Release|x86.ActiveCfg = Release|Any CPU
		{FD9DAEFC-98DE-43C6-AE07-EC60D2BCB78B}.Release|x86.Build.0 = Release|Any CPU
		{7F642535-8928-4322-9F84-4D5E16462817}.Debug|Any CPU.ActiveCfg = Debug|Any CPU
		{7F642535-8928-4322-9F84-4D5E16462817}.Debug|Any CPU.Build.0 = Debug|Any CPU
		{7F642535-8928-4322-9F84-4D5E16462817}.Debug|ARM.ActiveCfg = Debug|ARM
		{7F642535-8928-4322-9F84-4D5E16462817}.Debug|ARM.Build.0 = Debug|ARM
		{7F642535-8928-4322-9F84-4D5E16462817}.Debug|x64.ActiveCfg = Debug|x64
		{7F642535-8928-4322-9F84-4D5E16462817}.Debug|x64.Build.0 = Debug|x64
		{7F642535-8928-4322-9F84-4D5E16462817}.Debug|x86.ActiveCfg = Debug|x86
		{7F642535-8928-4322-9F84-4D5E16462817}.Debug|x86.Build.0 = Debug|x86
		{7F642535-8928-4322-9F84-4D5E16462817}.Release|Any CPU.ActiveCfg = Release|Any CPU
		{7F642535-8928-4322-9F84-4D5E16462817}.Release|Any CPU.Build.0 = Release|Any CPU
		{7F642535-8928-4322-9F84-4D5E16462817}.Release|ARM.ActiveCfg = Release|ARM
		{7F642535-8928-4322-9F84-4D5E16462817}.Release|ARM.Build.0 = Release|ARM
		{7F642535-8928-4322-9F84-4D5E16462817}.Release|x64.ActiveCfg = Release|x64
		{7F642535-8928-4322-9F84-4D5E16462817}.Release|x64.Build.0 = Release|x64
		{7F642535-8928-4322-9F84-4D5E16462817}.Release|x86.ActiveCfg = Release|x86
		{7F642535-8928-4322-9F84-4D5E16462817}.Release|x86.Build.0 = Release|x86
		{395D8AD4-D81F-41F8-B3EE-C725BA4A8C71}.Debug|Any CPU.ActiveCfg = Debug|Any CPU
		{395D8AD4-D81F-41F8-B3EE-C725BA4A8C71}.Debug|Any CPU.Build.0 = Debug|Any CPU
		{395D8AD4-D81F-41F8-B3EE-C725BA4A8C71}.Debug|ARM.ActiveCfg = Debug|Any CPU
		{395D8AD4-D81F-41F8-B3EE-C725BA4A8C71}.Debug|ARM.Build.0 = Debug|Any CPU
		{395D8AD4-D81F-41F8-B3EE-C725BA4A8C71}.Debug|x64.ActiveCfg = Debug|Any CPU
		{395D8AD4-D81F-41F8-B3EE-C725BA4A8C71}.Debug|x64.Build.0 = Debug|Any CPU
		{395D8AD4-D81F-41F8-B3EE-C725BA4A8C71}.Debug|x86.ActiveCfg = Debug|Any CPU
		{395D8AD4-D81F-41F8-B3EE-C725BA4A8C71}.Debug|x86.Build.0 = Debug|Any CPU
		{395D8AD4-D81F-41F8-B3EE-C725BA4A8C71}.Release|Any CPU.ActiveCfg = Release|Any CPU
		{395D8AD4-D81F-41F8-B3EE-C725BA4A8C71}.Release|Any CPU.Build.0 = Release|Any CPU
		{395D8AD4-D81F-41F8-B3EE-C725BA4A8C71}.Release|ARM.ActiveCfg = Release|Any CPU
		{395D8AD4-D81F-41F8-B3EE-C725BA4A8C71}.Release|ARM.Build.0 = Release|Any CPU
		{395D8AD4-D81F-41F8-B3EE-C725BA4A8C71}.Release|x64.ActiveCfg = Release|Any CPU
		{395D8AD4-D81F-41F8-B3EE-C725BA4A8C71}.Release|x64.Build.0 = Release|Any CPU
		{395D8AD4-D81F-41F8-B3EE-C725BA4A8C71}.Release|x86.ActiveCfg = Release|Any CPU
		{395D8AD4-D81F-41F8-B3EE-C725BA4A8C71}.Release|x86.Build.0 = Release|Any CPU
	EndGlobalSection
	GlobalSection(SolutionProperties) = preSolution
		HideSolutionNode = FALSE
	EndGlobalSection
	GlobalSection(NestedProjects) = preSolution
		{D65CA58A-3B9E-41BB-826E-39510354F7A5} = {10EF0BF3-2E6F-419C-B0FD-9A3018C832F3}
		{FD9DAEFC-98DE-43C6-AE07-EC60D2BCB78B} = {EEE9FCC4-6821-4AC4-81D0-64A52E9418EF}
		{7F642535-8928-4322-9F84-4D5E16462817} = {EEE9FCC4-6821-4AC4-81D0-64A52E9418EF}
		{395D8AD4-D81F-41F8-B3EE-C725BA4A8C71} = {EEE9FCC4-6821-4AC4-81D0-64A52E9418EF}
	EndGlobalSection
	GlobalSection(ExtensibilityGlobals) = postSolution
		SolutionGuid = {D6F8FA0A-D22B-47B6-880B-0D4A325EC669}
	EndGlobalSection
EndGlobal
